
Microsoft Visual Studio Solution File, Format Version 12.00
# Visual Studio Version 17
VisualStudioVersion = 17.5.002.0
MinimumVisualStudioVersion = 10.0.40219.1
Project("{9A19103F-16F7-4668-BE54-9A1E7A4F7556}") = "OOp adv", "OOp adv.csproj", "{ABEEC353-D876-4370-80C3-907B034CDB3F}"
EndProject
Global
	GlobalSection(SolutionConfigurationPlatforms) = preSolution
		Debug|Any CPU = Debug|Any CPU
		Release|Any CPU = Release|Any CPU
	EndGlobalSection
	GlobalSection(ProjectConfigurationPlatforms) = postSolution
		{ABEEC353-D876-4370-80C3-907B034CDB3F}.Debug|Any CPU.ActiveCfg = Debug|Any CPU
		{ABEEC353-D876-4370-80C3-907B034CDB3F}.Debug|Any CPU.Build.0 = Debug|Any CPU
		{ABEEC353-D876-4370-80C3-907B034CDB3F}.Release|Any CPU.ActiveCfg = Release|Any CPU
		{ABEEC353-D876-4370-80C3-907B034CDB3F}.Release|Any CPU.Build.0 = Release|Any CPU
	EndGlobalSection
	GlobalSection(SolutionProperties) = preSolution
		HideSolutionNode = FALSE
	EndGlobalSection
	GlobalSection(ExtensibilityGlobals) = postSolution
		SolutionGuid = {AAE6BC9C-A0A8-44A5-B58F-49CFE9763AF7}
	EndGlobalSection
EndGlobal
